
Microsoft Visual Studio Solution File, Format Version 12.00
# Visual Studio 15
VisualStudioVersion = 15.0.28307.271
MinimumVisualStudioVersion = 10.0.40219.1
Project("{FAE04EC0-301F-11D3-BF4B-00C04F79EFBC}") = "PMSRestAPI", "PMSRestAPI\PMSRestAPI.csproj", "{B62C88AA-5256-460B-9348-7095C40568F3}"
EndProject
Project("{FAE04EC0-301F-11D3-BF4B-00C04F79EFBC}") = "PMSRestAPI.Tests", "PMSRestAPI.Tests\PMSRestAPI.Tests.csproj", "{EF8131C2-7CDF-4DBA-AD13-782FD5F57926}"
EndProject
Project("{FAE04EC0-301F-11D3-BF4B-00C04F79EFBC}") = "BusinessLayer", "BusinessLayer\BusinessLayer.csproj", "{1B69B2CA-DB1D-45CC-B7FE-B4AD20C44BEE}"
EndProject
Project("{FAE04EC0-301F-11D3-BF4B-00C04F79EFBC}") = "DataAccessLayer", "DataAccessLayer\DataAccessLayer.csproj", "{290694AE-2A14-46D1-8753-250DEDA2DA4A}"
EndProject
Project("{FAE04EC0-301F-11D3-BF4B-00C04F79EFBC}") = "BusinessLayer.Tests", "BusinessLayer.Tests\BusinessLayer.Tests.csproj", "{F91330FF-FE2F-43F5-8229-9BF81E49A013}"
EndProject
Project("{FAE04EC0-301F-11D3-BF4B-00C04F79EFBC}") = "DataAccessLayer.Tests", "DataAccessLayer.Tests\DataAccessLayer.Tests.csproj", "{9482773A-3E23-448B-B9CA-F8960A499661}"
EndProject
Global
	GlobalSection(SolutionConfigurationPlatforms) = preSolution
		Debug|Any CPU = Debug|Any CPU
		Release|Any CPU = Release|Any CPU
	EndGlobalSection
	GlobalSection(ProjectConfigurationPlatforms) = postSolution
		{B62C88AA-5256-460B-9348-7095C40568F3}.Debug|Any CPU.ActiveCfg = Debug|Any CPU
		{B62C88AA-5256-460B-9348-7095C40568F3}.Debug|Any CPU.Build.0 = Debug|Any CPU
		{B62C88AA-5256-460B-9348-7095C40568F3}.Release|Any CPU.ActiveCfg = Release|Any CPU
		{B62C88AA-5256-460B-9348-7095C40568F3}.Release|Any CPU.Build.0 = Release|Any CPU
		{EF8131C2-7CDF-4DBA-AD13-782FD5F57926}.Debug|Any CPU.ActiveCfg = Debug|Any CPU
		{EF8131C2-7CDF-4DBA-AD13-782FD5F57926}.Debug|Any CPU.Build.0 = Debug|Any CPU
		{EF8131C2-7CDF-4DBA-AD13-782FD5F57926}.Release|Any CPU.ActiveCfg = Release|Any CPU
		{EF8131C2-7CDF-4DBA-AD13-782FD5F57926}.Release|Any CPU.Build.0 = Release|Any CPU
		{1B69B2CA-DB1D-45CC-B7FE-B4AD20C44BEE}.Debug|Any CPU.ActiveCfg = Debug|Any CPU
		{1B69B2CA-DB1D-45CC-B7FE-B4AD20C44BEE}.Debug|Any CPU.Build.0 = Debug|Any CPU
		{1B69B2CA-DB1D-45CC-B7FE-B4AD20C44BEE}.Release|Any CPU.ActiveCfg = Release|Any CPU
		{1B69B2CA-DB1D-45CC-B7FE-B4AD20C44BEE}.Release|Any CPU.Build.0 = Release|Any CPU
		{290694AE-2A14-46D1-8753-250DEDA2DA4A}.Debug|Any CPU.ActiveCfg = Debug|Any CPU
		{290694AE-2A14-46D1-8753-250DEDA2DA4A}.Debug|Any CPU.Build.0 = Debug|Any CPU
		{290694AE-2A14-46D1-8753-250DEDA2DA4A}.Release|Any CPU.ActiveCfg = Release|Any CPU
		{290694AE-2A14-46D1-8753-250DEDA2DA4A}.Release|Any CPU.Build.0 = Release|Any CPU
		{F91330FF-FE2F-43F5-8229-9BF81E49A013}.Debug|Any CPU.ActiveCfg = Debug|Any CPU
		{F91330FF-FE2F-43F5-8229-9BF81E49A013}.Debug|Any CPU.Build.0 = Debug|Any CPU
		{F91330FF-FE2F-43F5-8229-9BF81E49A013}.Release|Any CPU.ActiveCfg = Release|Any CPU
		{F91330FF-FE2F-43F5-8229-9BF81E49A013}.Release|Any CPU.Build.0 = Release|Any CPU
		{9482773A-3E23-448B-B9CA-F8960A499661}.Debug|Any CPU.ActiveCfg = Debug|Any CPU
		{9482773A-3E23-448B-B9CA-F8960A499661}.Debug|Any CPU.Build.0 = Debug|Any CPU
		{9482773A-3E23-448B-B9CA-F8960A499661}.Release|Any CPU.ActiveCfg = Release|Any CPU
		{9482773A-3E23-448B-B9CA-F8960A499661}.Release|Any CPU.Build.0 = Release|Any CPU
	EndGlobalSection
	GlobalSection(SolutionProperties) = preSolution
		HideSolutionNode = FALSE
	EndGlobalSection
	GlobalSection(ExtensibilityGlobals) = postSolution
		SolutionGuid = {33C7F187-8841-4523-B393-27D4335350F8}
	EndGlobalSection
EndGlobal
